Microsoft Visual Studio Solution File, Format Version 12.00
# Visual Studio Version 17
VisualStudioVersion = 17.5.2.0
MinimumVisualStudioVersion = 10.0.40219.1
Project("{FAE04EC0-301F-11D3-BF4B-00C04F79EFBC}") = "ApiService", "ApiService\ApiService.csproj", "{BB6E670A-3D3D-430E-4DD4-25AD2C7D9C26}"
EndProject
Global
	GlobalSection(SolutionConfigurationPlatforms) = preSolution
		Debug|Any CPU = Debug|Any CPU
		Release|Any CPU = Release|Any CPU
	EndGlobalSection
	GlobalSection(ProjectConfigurationPlatforms) = postSolution
		{BB6E670A-3D3D-430E-4DD4-25AD2C7D9C26}.Debug|Any CPU.ActiveCfg = Debug|Any CPU
		{BB6E670A-3D3D-430E-4DD4-25AD2C7D9C26}.Debug|Any CPU.Build.0 = Debug|Any CPU
		{BB6E670A-3D3D-430E-4DD4-25AD2C7D9C26}.Release|Any CPU.ActiveCfg = Release|Any CPU
		{BB6E670A-3D3D-430E-4DD4-25AD2C7D9C26}.Release|Any CPU.Build.0 = Release|Any CPU
	EndGlobalSection
	GlobalSection(SolutionProperties) = preSolution
		HideSolutionNode = FALSE
	EndGlobalSection
	GlobalSection(ExtensibilityGlobals) = postSolution
		SolutionGuid = {8ADF4D84-ED3F-4130-89E6-09489B3D556B}
	EndGlobalSection
EndGlobal
